
Microsoft Visual Studio Solution File, Format Version 12.00
# Visual Studio Version 17
VisualStudioVersion = 17.4.33213.308
MinimumVisualStudioVersion = 10.0.40219.1
Project("{FAE04EC0-301F-11D3-BF4B-00C04F79EFBC}") = "Calculating Wages", "Calculating Wages\Calculating Wages.csproj", "{2302EFAE-EB7E-4E47-95EC-178867E7D100}"
EndProject
Global
	GlobalSection(SolutionConfigurationPlatforms) = preSolution
		Debug|Any CPU = Debug|Any CPU
		Release|Any CPU = Release|Any CPU
	EndGlobalSection
	GlobalSection(ProjectConfigurationPlatforms) = postSolution
		{2302EFAE-EB7E-4E47-95EC-178867E7D100}.Debug|Any CPU.ActiveCfg = Debug|Any CPU
		{2302EFAE-EB7E-4E47-95EC-178867E7D100}.Debug|Any CPU.Build.0 = Debug|Any CPU
		{2302EFAE-EB7E-4E47-95EC-178867E7D100}.Release|Any CPU.ActiveCfg = Release|Any CPU
		{2302EFAE-EB7E-4E47-95EC-178867E7D100}.Release|Any CPU.Build.0 = Release|Any CPU
	EndGlobalSection
	GlobalSection(SolutionProperties) = preSolution
		HideSolutionNode = FALSE
	EndGlobalSection
	GlobalSection(ExtensibilityGlobals) = postSolution
		SolutionGuid = {843C0F32-315D-4F8B-96CF-53CB7AFA1C5F}
	EndGlobalSection
EndGlobal
